
Microsoft Visual Studio Solution File, Format Version 12.00
# Visual Studio Version 17
VisualStudioVersion = 17.3.32901.215
MinimumVisualStudioVersion = 10.0.40219.1
Project("{9A19103F-16F7-4668-BE54-9A1E7A4F7556}") = "HelloWear", "HelloWear\HelloWear.csproj", "{5144D7C0-A193-43C4-869F-78FAF6287A11}"
EndProject
Global
	GlobalSection(SolutionConfigurationPlatforms) = preSolution
		Debug|Any CPU = Debug|Any CPU
		Release|Any CPU = Release|Any CPU
	EndGlobalSection
	GlobalSection(ProjectConfigurationPlatforms) = postSolution
		{5144D7C0-A193-43C4-869F-78FAF6287A11}.Debug|Any CPU.ActiveCfg = Debug|Any CPU
		{5144D7C0-A193-43C4-869F-78FAF6287A11}.Debug|Any CPU.Build.0 = Debug|Any CPU
		{5144D7C0-A193-43C4-869F-78FAF6287A11}.Debug|Any CPU.Deploy.0 = Debug|Any CPU
		{5144D7C0-A193-43C4-869F-78FAF6287A11}.Release|Any CPU.ActiveCfg = Release|Any CPU
		{5144D7C0-A193-43C4-869F-78FAF6287A11}.Release|Any CPU.Build.0 = Release|Any CPU
	EndGlobalSection
	GlobalSection(SolutionProperties) = preSolution
		HideSolutionNode = FALSE
	EndGlobalSection
	GlobalSection(ExtensibilityGlobals) = postSolution
		SolutionGuid = {58E698E1-58EA-499C-81F8-4F0A686AB1A7}
	EndGlobalSection
EndGlobal
